
Microsoft Visual Studio Solution File, Format Version 12.00
# Visual Studio 15
VisualStudioVersion = 15.0.27130.2010
MinimumVisualStudioVersion = 10.0.40219.1
Project("{FAE04EC0-301F-11D3-BF4B-00C04F79EFBC}") = "Week3_Labs3", "Week3_Labs3\Week3_Labs3.csproj", "{39FB611C-702E-4435-A6FB-8BB64E3C79A5}"
EndProject
Global
	GlobalSection(SolutionConfigurationPlatforms) = preSolution
		Debug|Any CPU = Debug|Any CPU
		Release|Any CPU = Release|Any CPU
	EndGlobalSection
	GlobalSection(ProjectConfigurationPlatforms) = postSolution
		{39FB611C-702E-4435-A6FB-8BB64E3C79A5}.Debug|Any CPU.ActiveCfg = Debug|Any CPU
		{39FB611C-702E-4435-A6FB-8BB64E3C79A5}.Debug|Any CPU.Build.0 = Debug|Any CPU
		{39FB611C-702E-4435-A6FB-8BB64E3C79A5}.Release|Any CPU.ActiveCfg = Release|Any CPU
		{39FB611C-702E-4435-A6FB-8BB64E3C79A5}.Release|Any CPU.Build.0 = Release|Any CPU
	EndGlobalSection
	GlobalSection(SolutionProperties) = preSolution
		HideSolutionNode = FALSE
	EndGlobalSection
	GlobalSection(ExtensibilityGlobals) = postSolution
		SolutionGuid = {2E151B05-BF19-4D3A-90CD-3E37E2E6704C}
	EndGlobalSection
EndGlobal
