
Microsoft Visual Studio Solution File, Format Version 12.00
# Visual Studio 15
VisualStudioVersion = 15.0.27130.2010
MinimumVisualStudioVersion = 10.0.40219.1
Project("{FAE04EC0-301F-11D3-BF4B-00C04F79EFBC}") = "Circle", "Circle\Circle.csproj", "{29722793-029F-4A63-9E88-814256272C6F}"
EndProject
Global
	GlobalSection(SolutionConfigurationPlatforms) = preSolution
		Debug|Any CPU = Debug|Any CPU
		Release|Any CPU = Release|Any CPU
	EndGlobalSection
	GlobalSection(ProjectConfigurationPlatforms) = postSolution
		{29722793-029F-4A63-9E88-814256272C6F}.Debug|Any CPU.ActiveCfg = Debug|Any CPU
		{29722793-029F-4A63-9E88-814256272C6F}.Debug|Any CPU.Build.0 = Debug|Any CPU
		{29722793-029F-4A63-9E88-814256272C6F}.Release|Any CPU.ActiveCfg = Release|Any CPU
		{29722793-029F-4A63-9E88-814256272C6F}.Release|Any CPU.Build.0 = Release|Any CPU
	EndGlobalSection
	GlobalSection(SolutionProperties) = preSolution
		HideSolutionNode = FALSE
	EndGlobalSection
	GlobalSection(ExtensibilityGlobals) = postSolution
		SolutionGuid = {E0622AFA-624C-4098-BCD0-A0587BA740C8}
	EndGlobalSection
EndGlobal
