
Microsoft Visual Studio Solution File, Format Version 12.00
# Visual Studio 15
VisualStudioVersion = 15.0.27130.2010
MinimumVisualStudioVersion = 10.0.40219.1
Project("{FAE04EC0-301F-11D3-BF4B-00C04F79EFBC}") = "Snake", "Snake\Snake.csproj", "{C6450BCF-9249-4A0F-AD90-8E03BF2F8497}"
EndProject
Project("{2150E333-8FDC-42A3-9474-1A3956D46DE8}") = "Solution Items", "Solution Items", "{71B19DBC-EDCC-4353-AF47-AEA9F85F5F01}"
EndProject
Global
	GlobalSection(SolutionConfigurationPlatforms) = preSolution
		Debug|Any CPU = Debug|Any CPU
		Release|Any CPU = Release|Any CPU
	EndGlobalSection
	GlobalSection(ProjectConfigurationPlatforms) = postSolution
		{C6450BCF-9249-4A0F-AD90-8E03BF2F8497}.Debug|Any CPU.ActiveCfg = Debug|Any CPU
		{C6450BCF-9249-4A0F-AD90-8E03BF2F8497}.Debug|Any CPU.Build.0 = Debug|Any CPU
		{C6450BCF-9249-4A0F-AD90-8E03BF2F8497}.Release|Any CPU.ActiveCfg = Release|Any CPU
		{C6450BCF-9249-4A0F-AD90-8E03BF2F8497}.Release|Any CPU.Build.0 = Release|Any CPU
	EndGlobalSection
	GlobalSection(SolutionProperties) = preSolution
		HideSolutionNode = FALSE
	EndGlobalSection
	GlobalSection(ExtensibilityGlobals) = postSolution
		SolutionGuid = {13681772-6FDB-4CDF-AF03-96DDFE2FADBC}
	EndGlobalSection
EndGlobal
