
Microsoft Visual Studio Solution File, Format Version 12.00
# Visual Studio 15
VisualStudioVersion = 15.0.27130.2010
MinimumVisualStudioVersion = 10.0.40219.1
Project("{FAE04EC0-301F-11D3-BF4B-00C04F79EFBC}") = "Rectangle", "Rectangle\Rectangle.csproj", "{CF0C7E7B-AEF3-4C7F-A1AE-BE98E2FB9DD3}"
EndProject
Global
	GlobalSection(SolutionConfigurationPlatforms) = preSolution
		Debug|Any CPU = Debug|Any CPU
		Release|Any CPU = Release|Any CPU
	EndGlobalSection
	GlobalSection(ProjectConfigurationPlatforms) = postSolution
		{CF0C7E7B-AEF3-4C7F-A1AE-BE98E2FB9DD3}.Debug|Any CPU.ActiveCfg = Debug|Any CPU
		{CF0C7E7B-AEF3-4C7F-A1AE-BE98E2FB9DD3}.Debug|Any CPU.Build.0 = Debug|Any CPU
		{CF0C7E7B-AEF3-4C7F-A1AE-BE98E2FB9DD3}.Release|Any CPU.ActiveCfg = Release|Any CPU
		{CF0C7E7B-AEF3-4C7F-A1AE-BE98E2FB9DD3}.Release|Any CPU.Build.0 = Release|Any CPU
	EndGlobalSection
	GlobalSection(SolutionProperties) = preSolution
		HideSolutionNode = FALSE
	EndGlobalSection
	GlobalSection(ExtensibilityGlobals) = postSolution
		SolutionGuid = {4EC9F6C6-58ED-4A44-8F4F-F8AD2C54CC39}
	EndGlobalSection
EndGlobal
